
Microsoft Visual Studio Solution File, Format Version 12.00
# Visual Studio Version 17
VisualStudioVersion = 17.9.34607.119
MinimumVisualStudioVersion = 10.0.40219.1
Project("{FAE04EC0-301F-11D3-BF4B-00C04F79EFBC}") = "PokemonReviewApp", "PokemonReviewApp\PokemonReviewApp.csproj", "{060D5875-1D77-4D4B-965C-DA527DA579FB}"
EndProject
Global
	GlobalSection(SolutionConfigurationPlatforms) = preSolution
		Debug|Any CPU = Debug|Any CPU
		Release|Any CPU = Release|Any CPU
	EndGlobalSection
	GlobalSection(ProjectConfigurationPlatforms) = postSolution
		{060D5875-1D77-4D4B-965C-DA527DA579FB}.Debug|Any CPU.ActiveCfg = Debug|Any CPU
		{060D5875-1D77-4D4B-965C-DA527DA579FB}.Debug|Any CPU.Build.0 = Debug|Any CPU
		{060D5875-1D77-4D4B-965C-DA527DA579FB}.Release|Any CPU.ActiveCfg = Release|Any CPU
		{060D5875-1D77-4D4B-965C-DA527DA579FB}.Release|Any CPU.Build.0 = Release|Any CPU
	EndGlobalSection
	GlobalSection(SolutionProperties) = preSolution
		HideSolutionNode = FALSE
	EndGlobalSection
	GlobalSection(ExtensibilityGlobals) = postSolution
		SolutionGuid = {226E6872-64E4-412F-AFAC-C25A1B958CB0}
	EndGlobalSection
EndGlobal
